
Microsoft Visual Studio Solution File, Format Version 12.00
# Visual Studio Version 16
VisualStudioVersion = 16.0.30114.105
MinimumVisualStudioVersion = 10.0.40219.1
Project("{FAE04EC0-301F-11D3-BF4B-00C04F79EFBC}") = "DiscordBotTest", "DiscordBotTest\DiscordBotTest.csproj", "{7086F5BA-F0C9-4203-9177-07574A7716F4}"
EndProject
Global
	GlobalSection(SolutionConfigurationPlatforms) = preSolution
		Debug|Any CPU = Debug|Any CPU
		Release|Any CPU = Release|Any CPU
	EndGlobalSection
	GlobalSection(ProjectConfigurationPlatforms) = postSolution
		{7086F5BA-F0C9-4203-9177-07574A7716F4}.Debug|Any CPU.ActiveCfg = Debug|Any CPU
		{7086F5BA-F0C9-4203-9177-07574A7716F4}.Debug|Any CPU.Build.0 = Debug|Any CPU
		{7086F5BA-F0C9-4203-9177-07574A7716F4}.Release|Any CPU.ActiveCfg = Release|Any CPU
		{7086F5BA-F0C9-4203-9177-07574A7716F4}.Release|Any CPU.Build.0 = Release|Any CPU
	EndGlobalSection
	GlobalSection(SolutionProperties) = preSolution
		HideSolutionNode = FALSE
	EndGlobalSection
	GlobalSection(ExtensibilityGlobals) = postSolution
		SolutionGuid = {3D1898DC-91A9-40E6-8C28-6FFD0960D296}
	EndGlobalSection
EndGlobal
